{
  "version": 4,
  "terraform_version": "0.12.7",
  "serial": 168,
  "lineage": "2f56ab88-28c9-cc17-4c45-96330344f35e",
  "outputs": {
    "aws_elb_public_dns": {
      "value": "nginx-elb-7810693.us-east-2.elb.amazonaws.com",
      "type": "string"
    }
  },
  "resources": [
    {
      "mode": "data",
      "type": "aws_availability_zones",
      "name": "available",
      "provider": "provider.aws",
      "instances": [
        {
          "schema_version": 0,
          "attributes": {
            "blacklisted_names": null,
            "blacklisted_zone_ids": null,
            "id": "2019-09-01 05:46:17.323058667 +0000 UTC",
            "names": [
              "us-east-2a",
              "us-east-2b",
              "us-east-2c"
            ],
            "state": null,
            "zone_ids": [
              "use2-az1",
              "use2-az2",
              "use2-az3"
            ]
          }
        }
      ]
    },
    {
      "mode": "managed",
      "type": "aws_elb",
      "name": "web",
      "provider": "provider.aws",
      "instances": [
        {
          "schema_version": 0,
          "attributes": {
            "access_logs": [],
            "arn": "arn:aws:elasticloadbalancing:us-east-2:917463887348:loadbalancer/nginx-elb",
            "availability_zones": [
              "us-east-2a",
              "us-east-2b"
            ],
            "connection_draining": false,
            "connection_draining_timeout": 300,
            "cross_zone_load_balancing": true,
            "dns_name": "nginx-elb-7810693.us-east-2.elb.amazonaws.com",
            "health_check": [
              {
                "healthy_threshold": 10,
                "interval": 30,
                "target": "TCP:80",
                "timeout": 5,
                "unhealthy_threshold": 2
              }
            ],
            "id": "nginx-elb",
            "idle_timeout": 60,
            "instances": [
              "i-01b2a2dd4142452ea",
              "i-03a2fbd4c1448cb22",
              "i-0455e200f58be5bbe",
              "i-0abbc5cddff9c2aeb"
            ],
            "internal": false,
            "listener": [
              {
                "instance_port": 80,
                "instance_protocol": "http",
                "lb_port": 80,
                "lb_protocol": "http",
                "ssl_certificate_id": ""
              }
            ],
            "name": "nginx-elb",
            "name_prefix": null,
            "security_groups": [
              "sg-0f7b62ce57d8e966f"
            ],
            "source_security_group": "917463887348/nginx_elb_sg",
            "source_security_group_id": "sg-0f7b62ce57d8e966f",
            "subnets": [
              "subnet-08767a5d2d57b2ee7",
              "subnet-0e73a41087698eaf5"
            ],
            "tags": {},
            "zone_id": "Z3AADJGX6KTTL2"
          },
          "private": "bnVsbA==",
          "depends_on": [
            "aws_instance.instances",
            "aws_security_group.elb-sg",
            "aws_subnet.subnets"
          ]
        }
      ]
    },
    {
      "mode": "managed",
      "type": "aws_iam_access_key",
      "name": "write_user",
      "provider": "provider.aws",
      "instances": [
        {
          "schema_version": 0,
          "attributes": {
            "encrypted_secret": null,
            "id": "AKIA5LHI35X2KLJTK5VY",
            "key_fingerprint": null,
            "pgp_key": null,
            "secret": "nJaxIK0NaJNW+wn/DVMOJOkQBkSCw37DbyxZUStG",
            "ses_smtp_password": "AvKz/sBVcf/4MW9gdmgvBf0eD43820kY76k2w4h8uYoV",
            "status": "Active",
            "user": "dev-s3-write-user"
          },
          "private": "bnVsbA==",
          "depends_on": [
            "aws_iam_user.write_user"
          ]
        }
      ]
    },
    {
      "mode": "managed",
      "type": "aws_iam_user",
      "name": "write_user",
      "provider": "provider.aws",
      "instances": [
        {
          "schema_version": 0,
          "attributes": {
            "arn": "arn:aws:iam::917463887348:user/dev-s3-write-user",
            "force_destroy": true,
            "id": "dev-s3-write-user",
            "name": "dev-s3-write-user",
            "path": "/",
            "permissions_boundary": null,
            "tags": {},
            "unique_id": "AIDA5LHI35X2LGXUCGUVD"
          },
          "private": "bnVsbA=="
        }
      ]
    },
    {
      "mode": "managed",
      "type": "aws_iam_user_policy",
      "name": "write_user_pol",
      "provider": "provider.aws",
      "instances": [
        {
          "schema_version": 0,
          "attributes": {
            "id": "dev-s3-write-user:write",
            "name": "write",
            "name_prefix": null,
            "policy": "{\n    \"Version\": \"2012-10-17\",\n    \"Statement\": [\n        {\n            \"Effect\": \"Allow\",\n            \"Action\": \"s3:*\",\n            \"Resource\": [\n                \"arn:aws:s3:::dev-web-bucket\",\n                \"arn:aws:s3:::dev-web-bucket/*\"\n            ]\n        }\n   ]\n}\n",
            "user": "dev-s3-write-user"
          },
          "private": "bnVsbA==",
          "depends_on": [
            "aws_iam_user.write_user"
          ]
        }
      ]
    },
    {
      "mode": "managed",
      "type": "aws_instance",
      "name": "instances",
      "each": "list",
      "provider": "provider.aws",
      "instances": [
        {
          "index_key": 0,
          "schema_version": 1,
          "attributes": {
            "ami": "ami-02f706d959cedf892",
            "arn": "arn:aws:ec2:us-east-2:917463887348:instance/i-0455e200f58be5bbe",
            "associate_public_ip_address": true,
            "availability_zone": "us-east-2a",
            "cpu_core_count": 1,
            "cpu_threads_per_core": 1,
            "credit_specification": [
              {
                "cpu_credits": "standard"
              }
            ],
            "disable_api_termination": false,
            "ebs_block_device": [],
            "ebs_optimized": false,
            "ephemeral_block_device": [],
            "get_password_data": false,
            "host_id": null,
            "iam_instance_profile": "",
            "id": "i-0455e200f58be5bbe",
            "instance_initiated_shutdown_behavior": null,
            "instance_state": "running",
            "instance_type": "t2.micro",
            "ipv6_address_count": 0,
            "ipv6_addresses": [],
            "key_name": "AwsTestDeployment",
            "monitoring": false,
            "network_interface": [],
            "network_interface_id": null,
            "password_data": "",
            "placement_group": "",
            "primary_network_interface_id": "eni-057a59f951fefcad2",
            "private_dns": "ip-10-1-1-240.us-east-2.compute.internal",
            "private_ip": "10.1.1.240",
            "public_dns": "",
            "public_ip": "18.191.178.103",
            "root_block_device": [
              {
                "delete_on_termination": true,
                "encrypted": false,
                "iops": 100,
                "kms_key_id": "",
                "volume_id": "vol-04b3f633eefa70c28",
                "volume_size": 8,
                "volume_type": "gp2"
              }
            ],
            "security_groups": [],
            "source_dest_check": true,
            "subnet_id": "subnet-0e73a41087698eaf5",
            "tags": {},
            "tenancy": "default",
            "timeouts": null,
            "user_data": null,
            "user_data_base64": null,
            "volume_tags": {},
            "vpc_security_group_ids": [
              "sg-0d2539769c299dfb3"
            ]
          },
          "private": "eyJlMmJmYjczMC1lY2FhLTExZTYtOGY4OC0zNDM2M2JjN2M0YzAiOnsiY3JlYXRlIjo2MDAwMDAwMDAwMDAsImRlbGV0ZSI6MTIwMDAwMDAwMDAwMCwidXBkYXRlIjo2MDAwMDAwMDAwMDB9LCJzY2hlbWFfdmVyc2lvbiI6IjEifQ==",
          "depends_on": [
            "aws_iam_access_key.write_user",
            "aws_s3_bucket.web_bucket",
            "aws_security_group.nginx-sg",
            "aws_subnet.subnets"
          ]
        },
        {
          "index_key": 1,
          "schema_version": 1,
          "attributes": {
            "ami": "ami-02f706d959cedf892",
            "arn": "arn:aws:ec2:us-east-2:917463887348:instance/i-01b2a2dd4142452ea",
            "associate_public_ip_address": true,
            "availability_zone": "us-east-2b",
            "cpu_core_count": 1,
            "cpu_threads_per_core": 1,
            "credit_specification": [
              {
                "cpu_credits": "standard"
              }
            ],
            "disable_api_termination": false,
            "ebs_block_device": [],
            "ebs_optimized": false,
            "ephemeral_block_device": [],
            "get_password_data": false,
            "host_id": null,
            "iam_instance_profile": "",
            "id": "i-01b2a2dd4142452ea",
            "instance_initiated_shutdown_behavior": null,
            "instance_state": "running",
            "instance_type": "t2.micro",
            "ipv6_address_count": 0,
            "ipv6_addresses": [],
            "key_name": "AwsTestDeployment",
            "monitoring": false,
            "network_interface": [],
            "network_interface_id": null,
            "password_data": "",
            "placement_group": "",
            "primary_network_interface_id": "eni-0192f2abd1b2ed435",
            "private_dns": "ip-10-1-2-56.us-east-2.compute.internal",
            "private_ip": "10.1.2.56",
            "public_dns": "",
            "public_ip": "3.15.230.6",
            "root_block_device": [
              {
                "delete_on_termination": true,
                "encrypted": false,
                "iops": 100,
                "kms_key_id": "",
                "volume_id": "vol-02908bf00c91aa60b",
                "volume_size": 8,
                "volume_type": "gp2"
              }
            ],
            "security_groups": [],
            "source_dest_check": true,
            "subnet_id": "subnet-08767a5d2d57b2ee7",
            "tags": {},
            "tenancy": "default",
            "timeouts": null,
            "user_data": null,
            "user_data_base64": null,
            "volume_tags": {},
            "vpc_security_group_ids": [
              "sg-0d2539769c299dfb3"
            ]
          },
          "private": "eyJlMmJmYjczMC1lY2FhLTExZTYtOGY4OC0zNDM2M2JjN2M0YzAiOnsiY3JlYXRlIjo2MDAwMDAwMDAwMDAsImRlbGV0ZSI6MTIwMDAwMDAwMDAwMCwidXBkYXRlIjo2MDAwMDAwMDAwMDB9LCJzY2hlbWFfdmVyc2lvbiI6IjEifQ==",
          "depends_on": [
            "aws_iam_access_key.write_user",
            "aws_s3_bucket.web_bucket",
            "aws_security_group.nginx-sg",
            "aws_subnet.subnets"
          ]
        },
        {
          "index_key": 2,
          "schema_version": 1,
          "attributes": {
            "ami": "ami-02f706d959cedf892",
            "arn": "arn:aws:ec2:us-east-2:917463887348:instance/i-03a2fbd4c1448cb22",
            "associate_public_ip_address": true,
            "availability_zone": "us-east-2a",
            "cpu_core_count": 1,
            "cpu_threads_per_core": 1,
            "credit_specification": [
              {
                "cpu_credits": "standard"
              }
            ],
            "disable_api_termination": false,
            "ebs_block_device": [],
            "ebs_optimized": false,
            "ephemeral_block_device": [],
            "get_password_data": false,
            "host_id": null,
            "iam_instance_profile": "",
            "id": "i-03a2fbd4c1448cb22",
            "instance_initiated_shutdown_behavior": null,
            "instance_state": "running",
            "instance_type": "t2.micro",
            "ipv6_address_count": 0,
            "ipv6_addresses": [],
            "key_name": "AwsTestDeployment",
            "monitoring": false,
            "network_interface": [],
            "network_interface_id": null,
            "password_data": "",
            "placement_group": "",
            "primary_network_interface_id": "eni-0ee0be2e6abc97d23",
            "private_dns": "ip-10-1-1-253.us-east-2.compute.internal",
            "private_ip": "10.1.1.253",
            "public_dns": "",
            "public_ip": "3.15.219.205",
            "root_block_device": [
              {
                "delete_on_termination": true,
                "encrypted": false,
                "iops": 100,
                "kms_key_id": "",
                "volume_id": "vol-03f14826d1cb4582e",
                "volume_size": 8,
                "volume_type": "gp2"
              }
            ],
            "security_groups": [],
            "source_dest_check": true,
            "subnet_id": "subnet-0e73a41087698eaf5",
            "tags": {},
            "tenancy": "default",
            "timeouts": null,
            "user_data": null,
            "user_data_base64": null,
            "volume_tags": {},
            "vpc_security_group_ids": [
              "sg-0d2539769c299dfb3"
            ]
          },
          "private": "eyJlMmJmYjczMC1lY2FhLTExZTYtOGY4OC0zNDM2M2JjN2M0YzAiOnsiY3JlYXRlIjo2MDAwMDAwMDAwMDAsImRlbGV0ZSI6MTIwMDAwMDAwMDAwMCwidXBkYXRlIjo2MDAwMDAwMDAwMDB9LCJzY2hlbWFfdmVyc2lvbiI6IjEifQ==",
          "depends_on": [
            "aws_iam_access_key.write_user",
            "aws_s3_bucket.web_bucket",
            "aws_security_group.nginx-sg",
            "aws_subnet.subnets"
          ]
        },
        {
          "index_key": 3,
          "schema_version": 1,
          "attributes": {
            "ami": "ami-02f706d959cedf892",
            "arn": "arn:aws:ec2:us-east-2:917463887348:instance/i-0abbc5cddff9c2aeb",
            "associate_public_ip_address": true,
            "availability_zone": "us-east-2b",
            "cpu_core_count": 1,
            "cpu_threads_per_core": 1,
            "credit_specification": [
              {
                "cpu_credits": "standard"
              }
            ],
            "disable_api_termination": false,
            "ebs_block_device": [],
            "ebs_optimized": false,
            "ephemeral_block_device": [],
            "get_password_data": false,
            "host_id": null,
            "iam_instance_profile": "",
            "id": "i-0abbc5cddff9c2aeb",
            "instance_initiated_shutdown_behavior": null,
            "instance_state": "running",
            "instance_type": "t2.micro",
            "ipv6_address_count": 0,
            "ipv6_addresses": [],
            "key_name": "AwsTestDeployment",
            "monitoring": false,
            "network_interface": [],
            "network_interface_id": null,
            "password_data": "",
            "placement_group": "",
            "primary_network_interface_id": "eni-0de8195d81d7a28cd",
            "private_dns": "ip-10-1-2-115.us-east-2.compute.internal",
            "private_ip": "10.1.2.115",
            "public_dns": "",
            "public_ip": "3.16.38.130",
            "root_block_device": [
              {
                "delete_on_termination": true,
                "encrypted": false,
                "iops": 100,
                "kms_key_id": "",
                "volume_id": "vol-084b8d8d38b717a54",
                "volume_size": 8,
                "volume_type": "gp2"
              }
            ],
            "security_groups": [],
            "source_dest_check": true,
            "subnet_id": "subnet-08767a5d2d57b2ee7",
            "tags": {},
            "tenancy": "default",
            "timeouts": null,
            "user_data": null,
            "user_data_base64": null,
            "volume_tags": {},
            "vpc_security_group_ids": [
              "sg-0d2539769c299dfb3"
            ]
          },
          "private": "eyJlMmJmYjczMC1lY2FhLTExZTYtOGY4OC0zNDM2M2JjN2M0YzAiOnsiY3JlYXRlIjo2MDAwMDAwMDAwMDAsImRlbGV0ZSI6MTIwMDAwMDAwMDAwMCwidXBkYXRlIjo2MDAwMDAwMDAwMDB9LCJzY2hlbWFfdmVyc2lvbiI6IjEifQ==",
          "depends_on": [
            "aws_iam_access_key.write_user",
            "aws_s3_bucket.web_bucket",
            "aws_security_group.nginx-sg",
            "aws_subnet.subnets"
          ]
        }
      ]
    },
    {
      "mode": "managed",
      "type": "aws_internet_gateway",
      "name": "igw",
      "provider": "provider.aws",
      "instances": [
        {
          "schema_version": 0,
          "attributes": {
            "id": "igw-0b58027601f6d627c",
            "owner_id": "917463887348",
            "tags": {},
            "vpc_id": "vpc-050e5bfe28b8c331b"
          },
          "private": "bnVsbA==",
          "depends_on": [
            "aws_vpc.vpc"
          ]
        }
      ]
    },
    {
      "mode": "managed",
      "type": "aws_route_table",
      "name": "rtb",
      "provider": "provider.aws",
      "instances": [
        {
          "schema_version": 0,
          "attributes": {
            "id": "rtb-0fc9e1fa15c5a7619",
            "owner_id": "917463887348",
            "propagating_vgws": [],
            "route": [
              {
                "cidr_block": "0.0.0.0/0",
                "egress_only_gateway_id": "",
                "gateway_id": "igw-0b58027601f6d627c",
                "instance_id": "",
                "ipv6_cidr_block": "",
                "nat_gateway_id": "",
                "network_interface_id": "",
                "transit_gateway_id": "",
                "vpc_peering_connection_id": ""
              }
            ],
            "tags": {},
            "vpc_id": "vpc-050e5bfe28b8c331b"
          },
          "private": "bnVsbA==",
          "depends_on": [
            "aws_internet_gateway.igw",
            "aws_vpc.vpc"
          ]
        }
      ]
    },
    {
      "mode": "managed",
      "type": "aws_route_table_association",
      "name": "rta-subnet1",
      "each": "list",
      "provider": "provider.aws",
      "instances": [
        {
          "index_key": 0,
          "schema_version": 0,
          "attributes": {
            "id": "rtbassoc-0d335d3d706eeaf66",
            "route_table_id": "rtb-0fc9e1fa15c5a7619",
            "subnet_id": "subnet-0e73a41087698eaf5"
          },
          "private": "bnVsbA==",
          "depends_on": [
            "aws_route_table.rtb",
            "aws_subnet.subnets"
          ]
        },
        {
          "index_key": 1,
          "schema_version": 0,
          "attributes": {
            "id": "rtbassoc-050560bdceb40a2e9",
            "route_table_id": "rtb-0fc9e1fa15c5a7619",
            "subnet_id": "subnet-08767a5d2d57b2ee7"
          },
          "private": "bnVsbA==",
          "depends_on": [
            "aws_route_table.rtb",
            "aws_subnet.subnets"
          ]
        }
      ]
    },
    {
      "mode": "managed",
      "type": "aws_s3_bucket",
      "name": "web_bucket",
      "provider": "provider.aws",
      "instances": [
        {
          "schema_version": 0,
          "attributes": {
            "acceleration_status": "",
            "acl": "private",
            "arn": "arn:aws:s3:::dev-web-bucket",
            "bucket": "dev-web-bucket",
            "bucket_domain_name": "dev-web-bucket.s3.amazonaws.com",
            "bucket_prefix": null,
            "bucket_regional_domain_name": "dev-web-bucket.s3.us-east-2.amazonaws.com",
            "cors_rule": [],
            "force_destroy": true,
            "hosted_zone_id": "Z2O1EMRO9K5GLX",
            "id": "dev-web-bucket",
            "lifecycle_rule": [],
            "logging": [],
            "object_lock_configuration": [],
            "policy": "{\"Statement\":[{\"Action\":\"s3:GetObject\",\"Effect\":\"Allow\",\"Principal\":{\"AWS\":\"*\"},\"Resource\":\"arn:aws:s3:::dev-web-bucket/*\",\"Sid\":\"PublicReadForGetBucketObjects\"},{\"Action\":\"s3:*\",\"Effect\":\"Allow\",\"Principal\":{\"AWS\":\"arn:aws:iam::917463887348:user/dev-s3-write-user\"},\"Resource\":[\"arn:aws:s3:::dev-web-bucket\",\"arn:aws:s3:::dev-web-bucket/*\"],\"Sid\":\"\"}],\"Version\":\"2008-10-17\"}",
            "region": "us-east-2",
            "replication_configuration": [],
            "request_payer": "BucketOwner",
            "server_side_encryption_configuration": [],
            "tags": {},
            "versioning": [
              {
                "enabled": false,
                "mfa_delete": false
              }
            ],
            "website": [],
            "website_domain": null,
            "website_endpoint": null
          },
          "private": "bnVsbA==",
          "depends_on": [
            "aws_iam_user.write_user"
          ]
        }
      ]
    },
    {
      "mode": "managed",
      "type": "aws_s3_bucket_object",
      "name": "website_files",
      "each": "list",
      "provider": "provider.aws",
      "instances": [
        {
          "index_key": 0,
          "schema_version": 0,
          "attributes": {
            "acl": "private",
            "bucket": "dev-web-bucket",
            "cache_control": "",
            "content": null,
            "content_base64": null,
            "content_disposition": "",
            "content_encoding": "",
            "content_language": "",
            "content_type": "binary/octet-stream",
            "etag": "8a05fe27b546d37e45793bc5c574ec09",
            "id": "/website/index.html",
            "key": "/website/index.html",
            "kms_key_id": null,
            "metadata": {},
            "server_side_encryption": "",
            "source": "./index.html",
            "storage_class": "STANDARD",
            "tags": {},
            "version_id": "",
            "website_redirect": ""
          },
          "private": "bnVsbA==",
          "depends_on": [
            "aws_s3_bucket.web_bucket"
          ]
        },
        {
          "index_key": 1,
          "schema_version": 0,
          "attributes": {
            "acl": "private",
            "bucket": "dev-web-bucket",
            "cache_control": "",
            "content": null,
            "content_base64": null,
            "content_disposition": "",
            "content_encoding": "",
            "content_language": "",
            "content_type": "binary/octet-stream",
            "etag": "e687fb69f04d709058ec93b505e8c8ee",
            "id": "/website/Globo_logo_Vert.png",
            "key": "/website/Globo_logo_Vert.png",
            "kms_key_id": null,
            "metadata": {},
            "server_side_encryption": "",
            "source": "./Globo_logo_Vert.png",
            "storage_class": "STANDARD",
            "tags": {},
            "version_id": "",
            "website_redirect": ""
          },
          "private": "bnVsbA==",
          "depends_on": [
            "aws_s3_bucket.web_bucket"
          ]
        }
      ]
    },
    {
      "mode": "managed",
      "type": "aws_security_group",
      "name": "elb-sg",
      "provider": "provider.aws",
      "instances": [
        {
          "schema_version": 1,
          "attributes": {
            "arn": "arn:aws:ec2:us-east-2:917463887348:security-group/sg-0f7b62ce57d8e966f",
            "description": "Managed by Terraform",
            "egress": [
              {
                "cidr_blocks": [
                  "0.0.0.0/0"
                ],
                "description": "",
                "from_port": 0,
                "ipv6_cidr_blocks": [],
                "prefix_list_ids": [],
                "protocol": "-1",
                "security_groups": [],
                "self": false,
                "to_port": 0
              }
            ],
            "id": "sg-0f7b62ce57d8e966f",
            "ingress": [
              {
                "cidr_blocks": [
                  "0.0.0.0/0"
                ],
                "description": "",
                "from_port": 80,
                "ipv6_cidr_blocks": [],
                "prefix_list_ids": [],
                "protocol": "tcp",
                "security_groups": [],
                "self": false,
                "to_port": 80
              }
            ],
            "name": "nginx_elb_sg",
            "name_prefix": null,
            "owner_id": "917463887348",
            "revoke_rules_on_delete": false,
            "tags": {},
            "timeouts": null,
            "vpc_id": "vpc-050e5bfe28b8c331b"
          },
          "private": "eyJlMmJmYjczMC1lY2FhLTExZTYtOGY4OC0zNDM2M2JjN2M0YzAiOnsiY3JlYXRlIjo2MDAwMDAwMDAwMDAsImRlbGV0ZSI6NjAwMDAwMDAwMDAwfSwic2NoZW1hX3ZlcnNpb24iOiIxIn0=",
          "depends_on": [
            "aws_vpc.vpc"
          ]
        }
      ]
    },
    {
      "mode": "managed",
      "type": "aws_security_group",
      "name": "nginx-sg",
      "provider": "provider.aws",
      "instances": [
        {
          "schema_version": 1,
          "attributes": {
            "arn": "arn:aws:ec2:us-east-2:917463887348:security-group/sg-0d2539769c299dfb3",
            "description": "Managed by Terraform",
            "egress": [
              {
                "cidr_blocks": [
                  "0.0.0.0/0"
                ],
                "description": "",
                "from_port": 0,
                "ipv6_cidr_blocks": [],
                "prefix_list_ids": [],
                "protocol": "-1",
                "security_groups": [],
                "self": false,
                "to_port": 0
              }
            ],
            "id": "sg-0d2539769c299dfb3",
            "ingress": [
              {
                "cidr_blocks": [
                  "0.0.0.0/0"
                ],
                "description": "",
                "from_port": 22,
                "ipv6_cidr_blocks": [],
                "prefix_list_ids": [],
                "protocol": "tcp",
                "security_groups": [],
                "self": false,
                "to_port": 22
              },
              {
                "cidr_blocks": [
                  "10.1.0.0/16"
                ],
                "description": "",
                "from_port": 80,
                "ipv6_cidr_blocks": [],
                "prefix_list_ids": [],
                "protocol": "tcp",
                "security_groups": [],
                "self": false,
                "to_port": 80
              }
            ],
            "name": "nginx_sg",
            "name_prefix": null,
            "owner_id": "917463887348",
            "revoke_rules_on_delete": false,
            "tags": {},
            "timeouts": null,
            "vpc_id": "vpc-050e5bfe28b8c331b"
          },
          "private": "eyJlMmJmYjczMC1lY2FhLTExZTYtOGY4OC0zNDM2M2JjN2M0YzAiOnsiY3JlYXRlIjo2MDAwMDAwMDAwMDAsImRlbGV0ZSI6NjAwMDAwMDAwMDAwfSwic2NoZW1hX3ZlcnNpb24iOiIxIn0=",
          "depends_on": [
            "aws_vpc.vpc"
          ]
        }
      ]
    },
    {
      "mode": "managed",
      "type": "aws_subnet",
      "name": "subnets",
      "each": "list",
      "provider": "provider.aws",
      "instances": [
        {
          "index_key": 0,
          "schema_version": 1,
          "attributes": {
            "arn": "arn:aws:ec2:us-east-2:917463887348:subnet/subnet-0e73a41087698eaf5",
            "assign_ipv6_address_on_creation": false,
            "availability_zone": "us-east-2a",
            "availability_zone_id": "use2-az1",
            "cidr_block": "10.1.1.0/24",
            "id": "subnet-0e73a41087698eaf5",
            "ipv6_cidr_block": "",
            "ipv6_cidr_block_association_id": "",
            "map_public_ip_on_launch": true,
            "owner_id": "917463887348",
            "tags": {},
            "timeouts": null,
            "vpc_id": "vpc-050e5bfe28b8c331b"
          },
          "private": "eyJlMmJmYjczMC1lY2FhLTExZTYtOGY4OC0zNDM2M2JjN2M0YzAiOnsiY3JlYXRlIjo2MDAwMDAwMDAwMDAsImRlbGV0ZSI6MTIwMDAwMDAwMDAwMH0sInNjaGVtYV92ZXJzaW9uIjoiMSJ9",
          "depends_on": [
            "aws_vpc.vpc",
            "data.aws_availability_zones.available"
          ]
        },
        {
          "index_key": 1,
          "schema_version": 1,
          "attributes": {
            "arn": "arn:aws:ec2:us-east-2:917463887348:subnet/subnet-08767a5d2d57b2ee7",
            "assign_ipv6_address_on_creation": false,
            "availability_zone": "us-east-2b",
            "availability_zone_id": "use2-az2",
            "cidr_block": "10.1.2.0/24",
            "id": "subnet-08767a5d2d57b2ee7",
            "ipv6_cidr_block": "",
            "ipv6_cidr_block_association_id": "",
            "map_public_ip_on_launch": true,
            "owner_id": "917463887348",
            "tags": {},
            "timeouts": null,
            "vpc_id": "vpc-050e5bfe28b8c331b"
          },
          "private": "eyJlMmJmYjczMC1lY2FhLTExZTYtOGY4OC0zNDM2M2JjN2M0YzAiOnsiY3JlYXRlIjo2MDAwMDAwMDAwMDAsImRlbGV0ZSI6MTIwMDAwMDAwMDAwMH0sInNjaGVtYV92ZXJzaW9uIjoiMSJ9",
          "depends_on": [
            "aws_vpc.vpc",
            "data.aws_availability_zones.available"
          ]
        }
      ]
    },
    {
      "mode": "managed",
      "type": "aws_vpc",
      "name": "vpc",
      "provider": "provider.aws",
      "instances": [
        {
          "schema_version": 1,
          "attributes": {
            "arn": "arn:aws:ec2:us-east-2:917463887348:vpc/vpc-050e5bfe28b8c331b",
            "assign_generated_ipv6_cidr_block": false,
            "cidr_block": "10.1.0.0/16",
            "default_network_acl_id": "acl-0aad86dd25e38da78",
            "default_route_table_id": "rtb-018dee78c605163a7",
            "default_security_group_id": "sg-040b0903bc8241750",
            "dhcp_options_id": "dopt-d0f03cbb",
            "enable_classiclink": null,
            "enable_classiclink_dns_support": null,
            "enable_dns_hostnames": false,
            "enable_dns_support": true,
            "id": "vpc-050e5bfe28b8c331b",
            "instance_tenancy": "default",
            "ipv6_association_id": "",
            "ipv6_cidr_block": "",
            "main_route_table_id": "rtb-018dee78c605163a7",
            "owner_id": "917463887348",
            "tags": {}
          },
          "private": "eyJzY2hlbWFfdmVyc2lvbiI6IjEifQ=="
        }
      ]
    }
  ]
}
